
Microsoft Visual Studio Solution File, Format Version 12.00
# Visual Studio 15
VisualStudioVersion = 15.0.27428.2043
MinimumVisualStudioVersion = 10.0.40219.1
Project("{FAE04EC0-301F-11D3-BF4B-00C04F79EFBC}") = "DuimpjesVoorZaterdag", "DuimpjesVoorZaterdag.csproj", "{87C95EBC-3597-402D-A142-B06A1CFACDD6}"
EndProject
Global
	GlobalSection(SolutionConfigurationPlatforms) = preSolution
		Debug|Any CPU = Debug|Any CPU
		Release|Any CPU = Release|Any CPU
	EndGlobalSection
	GlobalSection(ProjectConfigurationPlatforms) = postSolution
		{87C95EBC-3597-402D-A142-B06A1CFACDD6}.Debug|Any CPU.ActiveCfg = Debug|Any CPU
		{87C95EBC-3597-402D-A142-B06A1CFACDD6}.Debug|Any CPU.Build.0 = Debug|Any CPU
		{87C95EBC-3597-402D-A142-B06A1CFACDD6}.Debug|Any CPU.Deploy.0 = Debug|Any CPU
		{87C95EBC-3597-402D-A142-B06A1CFACDD6}.Release|Any CPU.ActiveCfg = Release|Any CPU
		{87C95EBC-3597-402D-A142-B06A1CFACDD6}.Release|Any CPU.Build.0 = Release|Any CPU
		{87C95EBC-3597-402D-A142-B06A1CFACDD6}.Release|Any CPU.Deploy.0 = Release|Any CPU
	EndGlobalSection
	GlobalSection(SolutionProperties) = preSolution
		HideSolutionNode = FALSE
	EndGlobalSection
	GlobalSection(ExtensibilityGlobals) = postSolution
		SolutionGuid = {3B8F584C-6CFE-4678-9F0D-91DACF080DE9}
	EndGlobalSection
EndGlobal
